{
  "name": "side-effect-js",
  "version": "2.1.0",
  "lockfileVersion": 1,
  "requires": true,
  "dependencies": {
    "@types/node": {
      "version": "14.14.2",
      "resolved": "https://registry.npmjs.org/@types/node/-/node-14.14.2.tgz",
      "integrity": "sha512-jeYJU2kl7hL9U5xuI/BhKPZ4vqGM/OmK6whiFAXVhlstzZhVamWhDSmHyGLIp+RVyuF9/d0dqr2P85aFj4BvJg==",
      "dev": true
    },
    "uglify-js": {
      "version": "3.13.2",
      "resolved": "https://registry.npmjs.org/uglify-js/-/uglify-js-3.13.2.tgz",
      "integrity": "sha512-SbMu4D2Vo95LMC/MetNaso1194M1htEA+JrqE9Hk+G2DhI+itfS9TRu9ZKeCahLDNa/J3n4MqUJ/fOHMzQpRWw==",
      "dev": true
    }
  }
}
