{
  "name": "side-effect-js",
  "version": "2.1.0",
  "lockfileVersion": 1,
  "requires": true,
  "dependencies": {
    "@types/node": {
      "version": "18.6.1",
      "resolved": "https://registry.npmjs.org/@types/node/-/node-18.6.1.tgz",
      "integrity": "sha512-z+2vB6yDt1fNwKOeGbckpmirO+VBDuQqecXkgeIqDlaOtmKn6hPR/viQ8cxCfqLU4fTlvM3+YjM367TukWdxpg==",
      "dev": true
    },
    "uglify-js": {
      "version": "3.14.1",
      "resolved": "https://registry.npmjs.org/uglify-js/-/uglify-js-3.14.1.tgz",
      "integrity": "sha512-JhS3hmcVaXlp/xSo3PKY5R0JqKs5M3IV+exdLHW99qKvKivPO4Z8qbej6mte17SOPqAOVMjt/XGgWacnFSzM3g==",
      "dev": true
    }
  }
}
